
Microsoft Visual Studio Solution File, Format Version 12.00
# Visual Studio Version 16
VisualStudioVersion = 16.0.28721.148
MinimumVisualStudioVersion = 10.0.40219.1
Project("{FAE04EC0-301F-11D3-BF4B-00C04F79EFBC}") = "NetCoreWithReactRedux", "NetCoreWithReactRedux\NetCoreWithReactRedux.csproj", "{C8C5EDEE-1677-4CCB-9989-205ACAF5CE88}"
EndProject
Global
	GlobalSection(SolutionConfigurationPlatforms) = preSolution
		Debug|Any CPU = Debug|Any CPU
		Release|Any CPU = Release|Any CPU
	EndGlobalSection
	GlobalSection(ProjectConfigurationPlatforms) = postSolution
		{C8C5EDEE-1677-4CCB-9989-205ACAF5CE88}.Debug|Any CPU.ActiveCfg = Debug|Any CPU
		{C8C5EDEE-1677-4CCB-9989-205ACAF5CE88}.Debug|Any CPU.Build.0 = Debug|Any CPU
		{C8C5EDEE-1677-4CCB-9989-205ACAF5CE88}.Release|Any CPU.ActiveCfg = Release|Any CPU
		{C8C5EDEE-1677-4CCB-9989-205ACAF5CE88}.Release|Any CPU.Build.0 = Release|Any CPU
	EndGlobalSection
	GlobalSection(SolutionProperties) = preSolution
		HideSolutionNode = FALSE
	EndGlobalSection
	GlobalSection(ExtensibilityGlobals) = postSolution
		SolutionGuid = {2D7E39FE-855D-4701-9816-C9433971C9E3}
	EndGlobalSection
EndGlobal
